PODS:
  - CocoaAsyncSocket (7.6.5)
  - CocoaMQTT (2.0.2):
    - CocoaMQTT/Core (= 2.0.2)
  - CocoaMQTT/Core (2.0.2):
    - CocoaAsyncSocket (~> 7.6.5)
  - DivrtPinabox (15.0.2):
    - CocoaMQTT
    - EstimoteProximitySDK
    - SSZipArchive
  - EstimoteBluetoothScanning (1.0.8)
  - EstimoteProximitySDK (1.7.0):
    - EstimoteBluetoothScanning (~> 1.0.8)
  - SSZipArchive (2.4.2)

DEPENDENCIES:
  - DivrtPinabox

SPEC REPOS:
  trunk:
    - CocoaAsyncSocket
    - CocoaMQTT
    - DivrtPinabox
    - EstimoteBluetoothScanning
    - EstimoteProximitySDK
    - SSZipArchive

SPEC CHECKSUMS:
  CocoaAsyncSocket: 065fd1e645c7abab64f7a6a2007a48038fdc6a99
  CocoaMQTT: 2cab338fe04820d1e32aa20809e4d141a4118f0a
  DivrtPinabox: fa7964c1021a4eed41d7b030f7396b8da72d2687
  EstimoteBluetoothScanning: aef117c8584951609403dc73cb07f6501911a365
  EstimoteProximitySDK: b0128f51c7487dbd3c073691cec246c8d733808c
  SSZipArchive: e7b4f3d9e780c2acc1764cd88fbf2de28f26e5b2

PODFILE CHECKSUM: 77d16623f1031616d7505f064916d76bdebdc4c7

COCOAPODS: 1.11.2
