PODS:
  - Alamofire (5.1.0)
  - CocoaAsyncSocket (7.6.4)
  - CocoaMQTT (1.2.5):
    - CocoaAsyncSocket (~> 7.6.3)
  - DivrtPinabox (0.0.10):
    - Alamofire (~> 5.1.0)
    - CocoaMQTT
    - EstimoteProximitySDK
    - ReachabilitySwift
  - EstimoteBluetoothScanning (1.0.8)
  - EstimoteProximitySDK (1.7.0):
    - EstimoteBluetoothScanning (~> 1.0.8)
  - ReachabilitySwift (5.0.0)

DEPENDENCIES:
  - DivrtPinabox

SPEC REPOS:
  trunk:
    - Alamofire
    - CocoaAsyncSocket
    - CocoaMQTT
    - DivrtPinabox
    - EstimoteBluetoothScanning
    - EstimoteProximitySDK
    - ReachabilitySwift

SPEC CHECKSUMS:
  Alamofire: 9d5c5f602928e512395b30950c5984eca840093c
  CocoaAsyncSocket: 694058e7c0ed05a9e217d1b3c7ded962f4180845
  CocoaMQTT: a61490ed3b328011c5d75169a77781983e2bb221
  DivrtPinabox: 7f1037e3c1180b6ec1c600b2dad6bcd89638e296
  EstimoteBluetoothScanning: aef117c8584951609403dc73cb07f6501911a365
  EstimoteProximitySDK: b0128f51c7487dbd3c073691cec246c8d733808c
  ReachabilitySwift: 985039c6f7b23a1da463388634119492ff86c825

PODFILE CHECKSUM: 49cb8ab1a05966ce16938ba59b6be9a446c58f4c

COCOAPODS: 1.9.2
